{
  "version": 4,
  "terraform_version": "1.4.4",
  "serial": 79,
  "lineage": "08912cd1-f14c-4f6a-1551-f8c440dc3575",
  "outputs": {},
  "resources": [
    {
      "module": "module.resource_group",
      "mode": "managed",
      "type": "azurerm_resource_group",
      "name": "this",
      "provider": "provider[\"registry.terraform.io/hashicorp/azurerm\"]",
      "instances": [
        {
          "schema_version": 0,
          "attributes": {
            "id": "/subscriptions/65ccedb1-9b02-4fb4-8b19-13acfa1e31a9/resourceGroups/rg-det-stag-uaen-001",
            "location": "uaenorth",
            "managed_by": "",
            "name": "rg-det-stag-uaen-001",
            "tags": {},
            "timeouts": null
          },
          "sensitive_attributes": [],
          "private": "eyJlMmJmYjczMC1lY2FhLTExZTYtOGY4OC0zNDM2M2JjN2M0YzAiOnsiY3JlYXRlIjo1NDAwMDAwMDAwMDAwLCJkZWxldGUiOjU0MDAwMDAwMDAwMDAsInJlYWQiOjMwMDAwMDAwMDAwMCwidXBkYXRlIjo1NDAwMDAwMDAwMDAwfX0="
        }
      ]
    }
  ],
  "check_results": null
}
