{
  "version": 4,
  "terraform_version": "1.4.4",
  "serial": 76,
  "lineage": "08912cd1-f14c-4f6a-1551-f8c440dc3575",
  "outputs": {},
  "resources": [
    {
      "module": "module.network",
      "mode": "managed",
      "type": "azurerm_virtual_network",
      "name": "this",
      "provider": "provider[\"registry.terraform.io/hashicorp/azurerm\"]",
      "instances": [
        {
          "schema_version": 0,
          "attributes": {
            "address_space": [
              "10.0.0.0/16"
            ],
            "bgp_community": "",
            "ddos_protection_plan": [],
            "dns_servers": [],
            "edge_zone": "",
            "encryption": [],
            "flow_timeout_in_minutes": 0,
            "guid": "1013d5a4-23fd-411b-899c-1ae568ef3454",
            "id": "/subscriptions/65ccedb1-9b02-4fb4-8b19-13acfa1e31a9/resourceGroups/rg-det-stag-uaen-001/providers/Microsoft.Network/virtualNetworks/rg-det-stag-uaen-001-vnet",
            "location": "uaenorth",
            "name": "rg-det-stag-uaen-001-vnet",
            "private_endpoint_vnet_policies": "Disabled",
            "resource_group_name": "rg-det-stag-uaen-001",
            "subnet": [
              {
                "address_prefixes": [
                  "10.0.1.0/24"
                ],
                "default_outbound_access_enabled": true,
                "delegation": [],
                "id": "/subscriptions/65ccedb1-9b02-4fb4-8b19-13acfa1e31a9/resourceGroups/rg-det-stag-uaen-001/providers/Microsoft.Network/virtualNetworks/rg-det-stag-uaen-001-vnet/subnets/app-subnet",
                "name": "app-subnet",
                "private_endpoint_network_policies": "Disabled",
                "private_link_service_network_policies_enabled": true,
                "route_table_id": "",
                "security_group": "",
                "service_endpoint_policy_ids": [],
                "service_endpoints": []
              },
              {
                "address_prefixes": [
                  "10.0.2.0/24"
                ],
                "default_outbound_access_enabled": true,
                "delegation": [],
                "id": "/subscriptions/65ccedb1-9b02-4fb4-8b19-13acfa1e31a9/resourceGroups/rg-det-stag-uaen-001/providers/Microsoft.Network/virtualNetworks/rg-det-stag-uaen-001-vnet/subnets/sql-subnet",
                "name": "sql-subnet",
                "private_endpoint_network_policies": "Disabled",
                "private_link_service_network_policies_enabled": true,
                "route_table_id": "",
                "security_group": "",
                "service_endpoint_policy_ids": [],
                "service_endpoints": []
              },
              {
                "address_prefixes": [
                  "10.0.3.0/24"
                ],
                "default_outbound_access_enabled": true,
                "delegation": [],
                "id": "/subscriptions/65ccedb1-9b02-4fb4-8b19-13acfa1e31a9/resourceGroups/rg-det-stag-uaen-001/providers/Microsoft.Network/virtualNetworks/rg-det-stag-uaen-001-vnet/subnets/databricks-subnet",
                "name": "databricks-subnet",
                "private_endpoint_network_policies": "Disabled",
                "private_link_service_network_policies_enabled": true,
                "route_table_id": "",
                "security_group": "",
                "service_endpoint_policy_ids": [],
                "service_endpoints": []
              },
              {
                "address_prefixes": [
                  "10.0.4.0/24"
                ],
                "default_outbound_access_enabled": true,
                "delegation": [],
                "id": "/subscriptions/65ccedb1-9b02-4fb4-8b19-13acfa1e31a9/resourceGroups/rg-det-stag-uaen-001/providers/Microsoft.Network/virtualNetworks/rg-det-stag-uaen-001-vnet/subnets/rg-det-stag-uaen-001-appgw-subnet",
                "name": "rg-det-stag-uaen-001-appgw-subnet",
                "private_endpoint_network_policies": "Disabled",
                "private_link_service_network_policies_enabled": true,
                "route_table_id": "",
                "security_group": "",
                "service_endpoint_policy_ids": [],
                "service_endpoints": []
              },
              {
                "address_prefixes": [
                  "10.0.5.0/24"
                ],
                "default_outbound_access_enabled": true,
                "delegation": [
                  {
                    "name": "sqlmi-delegation",
                    "service_delegation": [
                      {
                        "actions": [
                          "Microsoft.Network/virtualNetworks/subnets/join/action",
                          "Microsoft.Network/virtualNetworks/subnets/prepareNetworkPolicies/action",
                          "Microsoft.Network/virtualNetworks/subnets/unprepareNetworkPolicies/action"
                        ],
                        "name": "Microsoft.Sql/managedInstances"
                      }
                    ]
                  }
                ],
                "id": "/subscriptions/65ccedb1-9b02-4fb4-8b19-13acfa1e31a9/resourceGroups/rg-det-stag-uaen-001/providers/Microsoft.Network/virtualNetworks/rg-det-stag-uaen-001-vnet/subnets/sqlmi",
                "name": "sqlmi",
                "private_endpoint_network_policies": "Disabled",
                "private_link_service_network_policies_enabled": true,
                "route_table_id": "/subscriptions/65ccedb1-9b02-4fb4-8b19-13acfa1e31a9/resourceGroups/rg-det-stag-uaen-001/providers/Microsoft.Network/routeTables/rt-sqldb-det-stag-uaen-02",
                "security_group": "/subscriptions/65ccedb1-9b02-4fb4-8b19-13acfa1e31a9/resourceGroups/rg-det-stag-uaen-001/providers/Microsoft.Network/networkSecurityGroups/nsg-sqldb-det-stag-uaen-02",
                "service_endpoint_policy_ids": [],
                "service_endpoints": []
              }
            ],
            "tags": {
              "environment": "staging"
            },
            "timeouts": null
          },
          "sensitive_attributes": [],
          "private": "eyJlMmJmYjczMC1lY2FhLTExZTYtOGY4OC0zNDM2M2JjN2M0YzAiOnsiY3JlYXRlIjoxODAwMDAwMDAwMDAwLCJkZWxldGUiOjE4MDAwMDAwMDAwMDAsInJlYWQiOjMwMDAwMDAwMDAwMCwidXBkYXRlIjoxODAwMDAwMDAwMDAwfX0=",
          "dependencies": [
            "module.resource_group.azurerm_resource_group.this"
          ]
        }
      ]
    },
    {
      "module": "module.resource_group",
      "mode": "managed",
      "type": "azurerm_resource_group",
      "name": "this",
      "provider": "provider[\"registry.terraform.io/hashicorp/azurerm\"]",
      "instances": [
        {
          "schema_version": 0,
          "attributes": {
            "id": "/subscriptions/65ccedb1-9b02-4fb4-8b19-13acfa1e31a9/resourceGroups/rg-det-stag-uaen-001",
            "location": "uaenorth",
            "managed_by": "",
            "name": "rg-det-stag-uaen-001",
            "tags": {},
            "timeouts": null
          },
          "sensitive_attributes": [],
          "private": "eyJlMmJmYjczMC1lY2FhLTExZTYtOGY4OC0zNDM2M2JjN2M0YzAiOnsiY3JlYXRlIjo1NDAwMDAwMDAwMDAwLCJkZWxldGUiOjU0MDAwMDAwMDAwMDAsInJlYWQiOjMwMDAwMDAwMDAwMCwidXBkYXRlIjo1NDAwMDAwMDAwMDAwfX0="
        }
      ]
    }
  ],
  "check_results": null
}
